<Solution>
  <Project Path="src/BookStation.Application/BookStation.Application.csproj" />
  <Project Path="src/BookStation.Core/BookStation.Core.csproj" />
  <Project Path="src/BookStation.Infrastructure/BookStation.Infrastructure.csproj" />
  <Project Path="src/BookStation.Query/BookStation.Query.csproj" />
  <Project Path="src/BookStation.WebApi/BookStation.WebApi.csproj" />
</Solution>
